
Microsoft Visual Studio Solution File, Format Version 12.00
# Visual Studio Version 17
VisualStudioVersion = 17.9.34728.123
MinimumVisualStudioVersion = 10.0.40219.1
Project("{8BC9CEB8-8B4A-11D0-8D11-00A0C91BC942}") = "EMCR", "EMCR.vcxproj", "{49E6003E-54F1-356C-90E4-D7A34EB2C6C0}"
EndProject
Global
	GlobalSection(SolutionConfigurationPlatforms) = preSolution
		Debug|x64 = Debug|x64
		Release|x64 = Release|x64
	EndGlobalSection
	GlobalSection(ProjectConfigurationPlatforms) = postSolution
		{49E6003E-54F1-356C-90E4-D7A34EB2C6C0}.Debug|x64.ActiveCfg = Debug|x64
		{49E6003E-54F1-356C-90E4-D7A34EB2C6C0}.Debug|x64.Build.0 = Debug|x64
		{49E6003E-54F1-356C-90E4-D7A34EB2C6C0}.Release|x64.ActiveCfg = Release|x64
		{49E6003E-54F1-356C-90E4-D7A34EB2C6C0}.Release|x64.Build.0 = Release|x64
	EndGlobalSection
	GlobalSection(SolutionProperties) = preSolution
		HideSolutionNode = FALSE
	EndGlobalSection
	GlobalSection(ExtensibilityGlobals) = postSolution
		SolutionGuid = {992F6B74-3682-4969-8265-D19BF2977088}
	EndGlobalSection
EndGlobal
